
Microsoft Visual Studio Solution File, Format Version 12.00
# Visual Studio Version 17
VisualStudioVersion = 17.3.32901.215
MinimumVisualStudioVersion = 10.0.40219.1
Project("{FAE04EC0-301F-11D3-BF4B-00C04F79EFBC}") = "Assembly-CSharp", "Assembly-CSharp.csproj", "{4303476B-DC6A-FB69-675A-6328CC9B2EB5}"
EndProject
Global
	GlobalSection(SolutionConfigurationPlatforms) = preSolution
		Debug|Any CPU = Debug|Any CPU
		Release|Any CPU = Release|Any CPU
	EndGlobalSection
	GlobalSection(ProjectConfigurationPlatforms) = postSolution
		{4303476B-DC6A-FB69-675A-6328CC9B2EB5}.Debug|Any CPU.ActiveCfg = Debug|Any CPU
		{4303476B-DC6A-FB69-675A-6328CC9B2EB5}.Debug|Any CPU.Build.0 = Debug|Any CPU
		{4303476B-DC6A-FB69-675A-6328CC9B2EB5}.Release|Any CPU.ActiveCfg = Release|Any CPU
		{4303476B-DC6A-FB69-675A-6328CC9B2EB5}.Release|Any CPU.Build.0 = Release|Any CPU
	EndGlobalSection
	GlobalSection(SolutionProperties) = preSolution
		HideSolutionNode = FALSE
	EndGlobalSection
	GlobalSection(ExtensibilityGlobals) = postSolution
		SolutionGuid = {F75F59A7-6ABD-4A26-97DA-6E55EED86AF8}
	EndGlobalSection
EndGlobal
